
Microsoft Visual Studio Solution File, Format Version 12.00
# Visual Studio Version 16
VisualStudioVersion = 16.0.30523.141
MinimumVisualStudioVersion = 10.0.40219.1
Project("{FAE04EC0-301F-11D3-BF4B-00C04F79EFBC}") = "HomeForm_1", "HomeForm_1\HomeForm_1.csproj", "{2F399F64-B416-495B-B499-B6DCD97A6442}"
EndProject
Global
	GlobalSection(SolutionConfigurationPlatforms) = preSolution
		Debug|Any CPU = Debug|Any CPU
		Release|Any CPU = Release|Any CPU
	EndGlobalSection
	GlobalSection(ProjectConfigurationPlatforms) = postSolution
		{2F399F64-B416-495B-B499-B6DCD97A6442}.Debug|Any CPU.ActiveCfg = Debug|Any CPU
		{2F399F64-B416-495B-B499-B6DCD97A6442}.Debug|Any CPU.Build.0 = Debug|Any CPU
		{2F399F64-B416-495B-B499-B6DCD97A6442}.Release|Any CPU.ActiveCfg = Release|Any CPU
		{2F399F64-B416-495B-B499-B6DCD97A6442}.Release|Any CPU.Build.0 = Release|Any CPU
	EndGlobalSection
	GlobalSection(SolutionProperties) = preSolution
		HideSolutionNode = FALSE
	EndGlobalSection
	GlobalSection(ExtensibilityGlobals) = postSolution
		SolutionGuid = {7320E512-930B-4979-90F9-C6A42F104663}
	EndGlobalSection
EndGlobal
